
Microsoft Visual Studio Solution File, Format Version 12.00
# Visual Studio Version 16
VisualStudioVersion = 16.0.29806.167
MinimumVisualStudioVersion = 10.0.40219.1
Project("{FAE04EC0-301F-11D3-BF4B-00C04F79EFBC}") = "Escape The Woods", "Escape The Woods\Escape The Woods.csproj", "{946594FA-E258-4B5B-AF9A-2A85A4871D67}"
EndProject
Global
	GlobalSection(SolutionConfigurationPlatforms) = preSolution
		Debug|Any CPU = Debug|Any CPU
		Release|Any CPU = Release|Any CPU
	EndGlobalSection
	GlobalSection(ProjectConfigurationPlatforms) = postSolution
		{946594FA-E258-4B5B-AF9A-2A85A4871D67}.Debug|Any CPU.ActiveCfg = Debug|Any CPU
		{946594FA-E258-4B5B-AF9A-2A85A4871D67}.Debug|Any CPU.Build.0 = Debug|Any CPU
		{946594FA-E258-4B5B-AF9A-2A85A4871D67}.Release|Any CPU.ActiveCfg = Release|Any CPU
		{946594FA-E258-4B5B-AF9A-2A85A4871D67}.Release|Any CPU.Build.0 = Release|Any CPU
	EndGlobalSection
	GlobalSection(SolutionProperties) = preSolution
		HideSolutionNode = FALSE
	EndGlobalSection
	GlobalSection(ExtensibilityGlobals) = postSolution
		SolutionGuid = {150CD9EA-FEA6-4F85-BA05-92E6DD6ED5B3}
	EndGlobalSection
EndGlobal
